
Microsoft Visual Studio Solution File, Format Version 12.00
# Visual Studio Version 17
VisualStudioVersion = 17.14.37111.16 d17.14
MinimumVisualStudioVersion = 10.0.40219.1
Project("{E24C65DC-7377-472B-9ABA-BC803B73C61A}") = "whatsapp-web-clone", ".", "{47F12095-DC9B-4E2B-BE82-9F4843E33D96}"
	ProjectSection(WebsiteProperties) = preProject
		TargetFrameworkMoniker = ".NETFramework,Version%3Dv4.0"
		Debug.AspNetCompiler.VirtualPath = "/localhost_54732"
		Debug.AspNetCompiler.PhysicalPath = "..\whatsapp-web-clone\"
		Debug.AspNetCompiler.TargetPath = "PrecompiledWeb\localhost_54732\"
		Debug.AspNetCompiler.Updateable = "true"
		Debug.AspNetCompiler.ForceOverwrite = "true"
		Debug.AspNetCompiler.FixedNames = "false"
		Debug.AspNetCompiler.Debug = "True"
		Release.AspNetCompiler.VirtualPath = "/localhost_54732"
		Release.AspNetCompiler.PhysicalPath = "..\whatsapp-web-clone\"
		Release.AspNetCompiler.TargetPath = "PrecompiledWeb\localhost_54732\"
		Release.AspNetCompiler.Updateable = "true"
		Release.AspNetCompiler.ForceOverwrite = "true"
		Release.AspNetCompiler.FixedNames = "false"
		Release.AspNetCompiler.Debug = "False"
		VWDPort = "54732"
		SlnRelativePath = "..\whatsapp-web-clone\"
		DefaultWebSiteLanguage = "Visual C#"
	EndProjectSection
EndProject
Global
	GlobalSection(SolutionConfigurationPlatforms) = preSolution
		Debug|Any CPU = Debug|Any CPU
	EndGlobalSection
	GlobalSection(ProjectConfigurationPlatforms) = postSolution
		{47F12095-DC9B-4E2B-BE82-9F4843E33D96}.Debug|Any CPU.ActiveCfg = Debug|Any CPU
		{47F12095-DC9B-4E2B-BE82-9F4843E33D96}.Debug|Any CPU.Build.0 = Debug|Any CPU
	EndGlobalSection
	GlobalSection(SolutionProperties) = preSolution
		HideSolutionNode = FALSE
	EndGlobalSection
	GlobalSection(ExtensibilityGlobals) = postSolution
		SolutionGuid = {C5E391DC-57A3-46CC-B462-A442CD98374E}
	EndGlobalSection
EndGlobal
